// !$*UTF8*$!
{
	archiveVersion = 1;
	classes = {
	};
	objectVersion = 48;
	objects = {

/* Begin PBXBuildFile section */
		C38925592016741F00F7E9F1 /* AppDelegate.swift in Sources */ = {isa = PBXBuildFile; fileRef = C38925582016741F00F7E9F1 /* AppDelegate.swift */; };
		C389255B2016741F00F7E9F1 /* ViewController.swift in Sources */ = {isa = PBXBuildFile; fileRef = C389255A2016741F00F7E9F1 /* ViewController.swift */; };
		C389255E2016741F00F7E9F1 /* Main.storyboard in Resources */ = {isa = PBXBuildFile; fileRef = C389255C2016741F00F7E9F1 /* Main.storyboard */; };
		C38925602016741F00F7E9F1 /* Assets.xcassets in Resources */ = {isa = PBXBuildFile; fileRef = C389255F2016741F00F7E9F1 /* Assets.xcassets */; };
		C38925632016741F00F7E9F1 /* LaunchScreen.storyboard in Resources */ = {isa = PBXBuildFile; fileRef = C38925612016741F00F7E9F1 /* LaunchScreen.storyboard */; };
		C389256D20168CE500F7E9F1 /* propernames in Resources */ = {isa = PBXBuildFile; fileRef = C389256C20168CE400F7E9F1 /* propernames */; };
		C389256F20168CE800F7E9F1 /* words in Resources */ = {isa = PBXBuildFile; fileRef = C389256E20168CE800F7E9F1 /* words */; };
/* End PBXBuildFile section */

/* Begin PBXFileReference section */
		C38925552016741F00F7E9F1 /* KeyedArchiverTest.app */ = {isa = PBXFileReference; explicitFileType = wrapper.application; includeInIndex = 0; path = KeyedArchiverTest.app; sourceTree = BUILT_PRODUCTS_DIR; };
		C38925582016741F00F7E9F1 /* AppDelegate.swift */ = {isa = PBXFileReference; lastKnownFileType = sourcecode.swift; path = AppDelegate.swift; sourceTree = "<group>"; };
		C389255A2016741F00F7E9F1 /* ViewController.swift */ = {isa = PBXFileReference; lastKnownFileType = sourcecode.swift; path = ViewController.swift; sourceTree = "<group>"; };
		C389255D2016741F00F7E9F1 /* Base */ = {isa = PBXFileReference; lastKnownFileType = file.storyboard; name = Base; path = Base.lproj/Main.storyboard; sourceTree = "<group>"; };
		C389255F2016741F00F7E9F1 /* Assets.xcassets */ = {isa = PBXFileReference; lastKnownFileType = folder.assetcatalog; path = Assets.xcassets; sourceTree = "<group>"; };
		C38925622016741F00F7E9F1 /* Base */ = {isa = PBXFileReference; lastKnownFileType = file.storyboard; name = Base; path = Base.lproj/LaunchScreen.storyboard; sourceTree = "<group>"; };
		C38925642016741F00F7E9F1 /* Info.plist */ = {isa = PBXFileReference; lastKnownFileType = text.plist.xml; path = Info.plist; sourceTree = "<group>"; };
		C389256C20168CE400F7E9F1 /* propernames */ = {isa = PBXFileReference; fileEncoding = 4; lastKnownFileType = text; path = propernames; sourceTree = "<group>"; };
		C389256E20168CE800F7E9F1 /* words */ = {isa = PBXFileReference; fileEncoding = 4; lastKnownFileType = text; path = words; sourceTree = "<group>"; };
/* End PBXFileReference section */

/* Begin PBXFrameworksBuildPhase section */
		C38925522016741F00F7E9F1 /* Frameworks */ = {
			isa = PBXFrameworksBuildPhase;
			buildActionMask = 2147483647;
			files = (
			);
			runOnlyForDeploymentPostprocessing = 0;
		};
/* End PBXFrameworksBuildPhase section */

/* Begin PBXGroup section */
		C389254C2016741F00F7E9F1 = {
			isa = PBXGroup;
			children = (
				C38925572016741F00F7E9F1 /* KeyedArchiverTest */,
				C38925562016741F00F7E9F1 /* Products */,
			);
			sourceTree = "<group>";
		};
		C38925562016741F00F7E9F1 /* Products */ = {
			isa = PBXGroup;
			children = (
				C38925552016741F00F7E9F1 /* KeyedArchiverTest.app */,
			);
			name = Products;
			sourceTree = "<group>";
		};
		C38925572016741F00F7E9F1 /* KeyedArchiverTest */ = {
			isa = PBXGroup;
			children = (
				C389256C20168CE400F7E9F1 /* propernames */,
				C389256E20168CE800F7E9F1 /* words */,
				C38925582016741F00F7E9F1 /* AppDelegate.swift */,
				C389255A2016741F00F7E9F1 /* ViewController.swift */,
				C389255C2016741F00F7E9F1 /* Main.storyboard */,
				C389255F2016741F00F7E9F1 /* Assets.xcassets */,
				C38925612016741F00F7E9F1 /* LaunchScreen.storyboard */,
				C38925642016741F00F7E9F1 /* Info.plist */,
			);
			path = KeyedArchiverTest;
			sourceTree = "<group>";
		};
/* End PBXGroup section */

/* Begin PBXNativeTarget section */
		C38925542016741F00F7E9F1 /* KeyedArchiverTest */ = {
			isa = PBXNativeTarget;
			buildConfigurationList = C38925672016741F00F7E9F1 /* Build configuration list for PBXNativeTarget "KeyedArchiverTest" */;
			buildPhases = (
				C38925512016741F00F7E9F1 /* Sources */,
				C38925522016741F00F7E9F1 /* Frameworks */,
				C38925532016741F00F7E9F1 /* Resources */,
			);
			buildRules = (
			);
			dependencies = (
			);
			name = KeyedArchiverTest;
			productName = KeyedArchiverTest;
			productReference = C38925552016741F00F7E9F1 /* KeyedArchiverTest.app */;
			productType = "com.apple.product-type.application";
		};
/* End PBXNativeTarget section */

/* Begin PBXProject section */
		C389254D2016741F00F7E9F1 /* Project object */ = {
			isa = PBXProject;
			attributes = {
				LastSwiftUpdateCheck = 0920;
				LastUpgradeCheck = 0920;
				ORGANIZATIONNAME = Lickability;
				TargetAttributes = {
					C38925542016741F00F7E9F1 = {
						CreatedOnToolsVersion = 9.2;
						ProvisioningStyle = Automatic;
					};
				};
			};
			buildConfigurationList = C38925502016741F00F7E9F1 /* Build configuration list for PBXProject "KeyedArchiverTest" */;
			compatibilityVersion = "Xcode 8.0";
			developmentRegion = en;
			hasScannedForEncodings = 0;
			knownRegions = (
				en,
				Base,
			);
			mainGroup = C389254C2016741F00F7E9F1;
			productRefGroup = C38925562016741F00F7E9F1 /* Products */;
			projectDirPath = "";
			projectRoot = "";
			targets = (
				C38925542016741F00F7E9F1 /* KeyedArchiverTest */,
			);
		};
/* End PBXProject section */

/* Begin PBXResourcesBuildPhase section */
		C38925532016741F00F7E9F1 /* Resources */ = {
			isa = PBXResourcesBuildPhase;
			buildActionMask = 2147483647;
			files = (
				C38925632016741F00F7E9F1 /* LaunchScreen.storyboard in Resources */,
				C38925602016741F00F7E9F1 /* Assets.xcassets in Resources */,
				C389255E2016741F00F7E9F1 /* Main.storyboard in Resources */,
				C389256D20168CE500F7E9F1 /* propernames in Resources */,
				C389256F20168CE800F7E9F1 /* words in Resources */,
			);
			runOnlyForDeploymentPostprocessing = 0;
		};
/* End PBXResourcesBuildPhase section */

/* Begin PBXSourcesBuildPhase section */
		C38925512016741F00F7E9F1 /* Sources */ = {
			isa = PBXSourcesBuildPhase;
			buildActionMask = 2147483647;
			files = (
				C389255B2016741F00F7E9F1 /* ViewController.swift in Sources */,
				C38925592016741F00F7E9F1 /* AppDelegate.swift in Sources */,
			);
			runOnlyForDeploymentPostprocessing = 0;
		};
/* End PBXSourcesBuildPhase section */

/* Begin PBXVariantGroup section */
		C389255C2016741F00F7E9F1 /* Main.storyboard */ = {
			isa = PBXVariantGroup;
			children = (
				C389255D2016741F00F7E9F1 /* Base */,
			);
			name = Main.storyboard;
			sourceTree = "<group>";
		};
		C38925612016741F00F7E9F1 /* LaunchScreen.storyboard */ = {
			isa = PBXVariantGroup;
			children = (
				C38925622016741F00F7E9F1 /* Base */,
			);
			name = LaunchScreen.storyboard;
			sourceTree = "<group>";
		};
/* End PBXVariantGroup section */

/* Begin XCBuildConfiguration section */
		C38925652016741F00F7E9F1 /* Debug */ = {
			isa = XCBuildConfiguration;
			buildSettings = {
				ALWAYS_SEARCH_USER_PATHS = NO;
				CLANG_ANALYZER_NONNULL = YES;
				CLANG_ANALYZER_NUMBER_OBJECT_CONVERSION = YES_AGGRESSIVE;
				CLANG_CXX_LANGUAGE_STANDARD = "gnu++14";
				CLANG_CXX_LIBRARY = "libc++";
				CLANG_ENABLE_MODULES = YES;
				CLANG_ENABLE_OBJC_ARC = YES;
				CLANG_WARN_BLOCK_CAPTURE_AUTORELEASING = YES;
				CLANG_WARN_BOOL_CONVERSION = YES;
				CLANG_WARN_COMMA = YES;
				CLANG_WARN_CONSTANT_CONVERSION = YES;
				CLANG_WARN_DIRECT_OBJC_ISA_USAGE = YES_ERROR;
				CLANG_WARN_DOCUMENTATION_COMMENTS = YES;
				CLANG_WARN_EMPTY_BODY = YES;
				CLANG_WARN_ENUM_CONVERSION = YES;
				CLANG_WARN_INFINITE_RECURSION = YES;
				CLANG_WARN_INT_CONVERSION = YES;
				CLANG_WARN_NON_LITERAL_NULL_CONVERSION = YES;
				CLANG_WARN_OBJC_LITERAL_CONVERSION = YES;
				CLANG_WARN_OBJC_ROOT_CLASS = YES_ERROR;
				CLANG_WARN_RANGE_LOOP_ANALYSIS = YES;
				CLANG_WARN_STRICT_PROTOTYPES = YES;
				CLANG_WARN_SUSPICIOUS_MOVE = YES;
				CLANG_WARN_UNGUARDED_AVAILABILITY = YES_AGGRESSIVE;
				CLANG_WARN_UNREACHABLE_CODE = YES;
				CLANG_WARN__DUPLICATE_METHOD_MATCH = YES;
				CODE_SIGN_IDENTITY = "iPhone Developer";
				COPY_PHASE_STRIP = NO;
				DEBUG_INFORMATION_FORMAT = dwarf;
				ENABLE_STRICT_OBJC_MSGSEND = YES;
				ENABLE_TESTABILITY = YES;
				GCC_C_LANGUAGE_STANDARD = gnu11;
				GCC_DYNAMIC_NO_PIC = NO;
				GCC_NO_COMMON_BLOCKS = YES;
				GCC_OPTIMIZATION_LEVEL = 0;
				GCC_PREPROCESSOR_DEFINITIONS = (
					"DEBUG=1",
					"$(inherited)",
				);
				GCC_WARN_64_TO_32_BIT_CONVERSION = YES;
				GCC_WARN_ABOUT_RETURN_TYPE = YES_ERROR;
				GCC_WARN_UNDECLARED_SELECTOR = YES;
				GCC_WARN_UNINITIALIZED_AUTOS = YES_AGGRESSIVE;
				GCC_WARN_UNUSED_FUNCTION = YES;
				GCC_WARN_UNUSED_VARIABLE = YES;
				IPHONEOS_DEPLOYMENT_TARGET = 11.2;
				MTL_ENABLE_DEBUG_INFO = YES;
				ONLY_ACTIVE_ARCH = YES;
				SDKROOT = iphoneos;
				SWIFT_ACTIVE_COMPILATION_CONDITIONS = DEBUG;
				SWIFT_OPTIMIZATION_LEVEL = "-Onone";
			};
			name = Debug;
		};
		C38925662016741F00F7E9F1 /* Release */ = {
			isa = XCBuildConfiguration;
			buildSettings = {
				ALWAYS_SEARCH_USER_PATHS = NO;
				CLANG_ANALYZER_NONNULL = YES;
				CLANG_ANALYZER_NUMBER_OBJECT_CONVERSION = YES_AGGRESSIVE;
				CLANG_CXX_LANGUAGE_STANDARD = "gnu++14";
				CLANG_CXX_LIBRARY = "libc++";
				CLANG_ENABLE_MODULES = YES;
				CLANG_ENABLE_OBJC_ARC = YES;
				CLANG_WARN_BLOCK_CAPTURE_AUTORELEASING = YES;
				CLANG_WARN_BOOL_CONVERSION = YES;
				CLANG_WARN_COMMA = YES;
				CLANG_WARN_CONSTANT_CONVERSION = YES;
				CLANG_WARN_DIRECT_OBJC_ISA_USAGE = YES_ERROR;
				CLANG_WARN_DOCUMENTATION_COMMENTS = YES;
				CLANG_WARN_EMPTY_BODY = YES;
				CLANG_WARN_ENUM_CONVERSION = YES;
				CLANG_WARN_INFINITE_RECURSION = YES;
				CLANG_WARN_INT_CONVERSION = YES;
				CLANG_WARN_NON_LITERAL_NULL_CONVERSION = YES;
				CLANG_WARN_OBJC_LITERAL_CONVERSION = YES;
				CLANG_WARN_OBJC_ROOT_CLASS = YES_ERROR;
				CLANG_WARN_RANGE_LOOP_ANALYSIS = YES;
				CLANG_WARN_STRICT_PROTOTYPES = YES;
				CLANG_WARN_SUSPICIOUS_MOVE = YES;
				CLANG_WARN_UNGUARDED_AVAILABILITY = YES_AGGRESSIVE;
				CLANG_WARN_UNREACHABLE_CODE = YES;
				CLANG_WARN__DUPLICATE_METHOD_MATCH = YES;
				CODE_SIGN_IDENTITY = "iPhone Developer";
				COPY_PHASE_STRIP = NO;
				DEBUG_INFORMATION_FORMAT = "dwarf-with-dsym";
				ENABLE_NS_ASSERTIONS = NO;
				ENABLE_STRICT_OBJC_MSGSEND = YES;
				GCC_C_LANGUAGE_STANDARD = gnu11;
				GCC_NO_COMMON_BLOCKS = YES;
				GCC_WARN_64_TO_32_BIT_CONVERSION = YES;
				GCC_WARN_ABOUT_RETURN_TYPE = YES_ERROR;
				GCC_WARN_UNDECLARED_SELECTOR = YES;
				GCC_WARN_UNINITIALIZED_AUTOS = YES_AGGRESSIVE;
				GCC_WARN_UNUSED_FUNCTION = YES;
				GCC_WARN_UNUSED_VARIABLE = YES;
				IPHONEOS_DEPLOYMENT_TARGET = 11.2;
				MTL_ENABLE_DEBUG_INFO = NO;
				SDKROOT = iphoneos;
				SWIFT_OPTIMIZATION_LEVEL = "-Owholemodule";
				VALIDATE_PRODUCT = YES;
			};
			name = Release;
		};
		C38925682016741F00F7E9F1 /* Debug */ = {
			isa = XCBuildConfiguration;
			buildSettings = {
				ASSETCATALOG_COMPILER_APPICON_NAME = AppIcon;
				CODE_SIGN_STYLE = Automatic;
				DEVELOPMENT_TEAM = JL4AKR8DVC;
				INFOPLIST_FILE = KeyedArchiverTest/Info.plist;
				LD_RUNPATH_SEARCH_PATHS = "$(inherited) @executable_path/Frameworks";
				PRODUCT_BUNDLE_IDENTIFIER = com.lickability.KeyedArchiverTest;
				PRODUCT_NAME = "$(TARGET_NAME)";
				SWIFT_VERSION = 4.0;
				TARGETED_DEVICE_FAMILY = "1,2";
			};
			name = Debug;
		};
		C38925692016741F00F7E9F1 /* Release */ = {
			isa = XCBuildConfiguration;
			buildSettings = {
				ASSETCATALOG_COMPILER_APPICON_NAME = AppIcon;
				CODE_SIGN_STYLE = Automatic;
				DEVELOPMENT_TEAM = JL4AKR8DVC;
				INFOPLIST_FILE = KeyedArchiverTest/Info.plist;
				LD_RUNPATH_SEARCH_PATHS = "$(inherited) @executable_path/Frameworks";
				PRODUCT_BUNDLE_IDENTIFIER = com.lickability.KeyedArchiverTest;
				PRODUCT_NAME = "$(TARGET_NAME)";
				SWIFT_VERSION = 4.0;
				TARGETED_DEVICE_FAMILY = "1,2";
			};
			name = Release;
		};
/* End XCBuildConfiguration section */

/* Begin XCConfigurationList section */
		C38925502016741F00F7E9F1 /* Build configuration list for PBXProject "KeyedArchiverTest" */ = {
			isa = XCConfigurationList;
			buildConfigurations = (
				C38925652016741F00F7E9F1 /* Debug */,
				C38925662016741F00F7E9F1 /* Release */,
			);
			defaultConfigurationIsVisible = 0;
			defaultConfigurationName = Release;
		};
		C38925672016741F00F7E9F1 /* Build configuration list for PBXNativeTarget "KeyedArchiverTest" */ = {
			isa = XCConfigurationList;
			buildConfigurations = (
				C38925682016741F00F7E9F1 /* Debug */,
				C38925692016741F00F7E9F1 /* Release */,
			);
			defaultConfigurationIsVisible = 0;
			defaultConfigurationName = Release;
		};
/* End XCConfigurationList section */
	};
	rootObject = C389254D2016741F00F7E9F1 /* Project object */;
}
